
Microsoft Visual Studio Solution File, Format Version 12.00
# Visual Studio Version 17
VisualStudioVersion = 17.13.35825.156
MinimumVisualStudioVersion = 10.0.40219.1
Project("{FAE04EC0-301F-11D3-BF4B-00C04F79EFBC}") = "GigaChatIntegration", "GigaChatIntegration.csproj", "{E96B89C0-E769-4C84-8CE9-6C1BAABB8CED}"
EndProject
Project("{FAE04EC0-301F-11D3-BF4B-00C04F79EFBC}") = "GigaChatIntegrationCore", "..\GigaChatIntegrationCore\GigaChatIntegrationCore.csproj", "{82241FF9-DBA3-44CD-A86C-BB1C570BEF40}"
EndProject
Project("{FAE04EC0-301F-11D3-BF4B-00C04F79EFBC}") = "GigaChatIntegrationWebApp", "..\GigaChatIntegrationWebApp\GigaChatIntegrationWebApp.csproj", "{4419FD4F-D842-4741-AAAB-5E9F3863DC2D}"
EndProject
Global
	GlobalSection(SolutionConfigurationPlatforms) = preSolution
		Debug|Any CPU = Debug|Any CPU
		Release|Any CPU = Release|Any CPU
	EndGlobalSection
	GlobalSection(ProjectConfigurationPlatforms) = postSolution
		{E96B89C0-E769-4C84-8CE9-6C1BAABB8CED}.Debug|Any CPU.ActiveCfg = Debug|Any CPU
		{E96B89C0-E769-4C84-8CE9-6C1BAABB8CED}.Debug|Any CPU.Build.0 = Debug|Any CPU
		{E96B89C0-E769-4C84-8CE9-6C1BAABB8CED}.Release|Any CPU.ActiveCfg = Release|Any CPU
		{E96B89C0-E769-4C84-8CE9-6C1BAABB8CED}.Release|Any CPU.Build.0 = Release|Any CPU
		{82241FF9-DBA3-44CD-A86C-BB1C570BEF40}.Debug|Any CPU.ActiveCfg = Debug|Any CPU
		{82241FF9-DBA3-44CD-A86C-BB1C570BEF40}.Debug|Any CPU.Build.0 = Debug|Any CPU
		{82241FF9-DBA3-44CD-A86C-BB1C570BEF40}.Release|Any CPU.ActiveCfg = Release|Any CPU
		{82241FF9-DBA3-44CD-A86C-BB1C570BEF40}.Release|Any CPU.Build.0 = Release|Any CPU
		{4419FD4F-D842-4741-AAAB-5E9F3863DC2D}.Debug|Any CPU.ActiveCfg = Debug|Any CPU
		{4419FD4F-D842-4741-AAAB-5E9F3863DC2D}.Debug|Any CPU.Build.0 = Debug|Any CPU
		{4419FD4F-D842-4741-AAAB-5E9F3863DC2D}.Release|Any CPU.ActiveCfg = Release|Any CPU
		{4419FD4F-D842-4741-AAAB-5E9F3863DC2D}.Release|Any CPU.Build.0 = Release|Any CPU
	EndGlobalSection
	GlobalSection(SolutionProperties) = preSolution
		HideSolutionNode = FALSE
	EndGlobalSection
	GlobalSection(ExtensibilityGlobals) = postSolution
		SolutionGuid = {4DB83FA7-BEBB-490F-8F9E-CABADB9474FA}
	EndGlobalSection
EndGlobal
