
Microsoft Visual Studio Solution File, Format Version 12.00
# Visual Studio Version 17
VisualStudioVersion = 17.0.31903.59
MinimumVisualStudioVersion = 10.0.40219.1
Project("{FAE04EC0-301F-11D3-BF4B-00C04F79EFBC}") = "ModelAIIntegration", "ModelAIIntegration.Console\ModelAIIntegration.csproj", "{01F55423-23A1-D10D-0C25-F65162CB68E9}"
EndProject
Project("{FAE04EC0-301F-11D3-BF4B-00C04F79EFBC}") = "ModelAIIntegrationCore", "ModelAIIntegration.Core\ModelAIIntegrationCore.csproj", "{83BF4E6B-6A05-2E07-2F25-C3A5875020DB}"
EndProject
Project("{FAE04EC0-301F-11D3-BF4B-00C04F79EFBC}") = "ModelAIIntegrationWebApp", "ModelAIIntegration.WebApp\ModelAIIntegrationWebApp.csproj", "{D9B9F46B-E67D-7D0C-9761-BABD023F9015}"
EndProject
Global
	GlobalSection(SolutionConfigurationPlatforms) = preSolution
		Debug|Any CPU = Debug|Any CPU
		Release|Any CPU = Release|Any CPU
	EndGlobalSection
	GlobalSection(ProjectConfigurationPlatforms) = postSolution
		{01F55423-23A1-D10D-0C25-F65162CB68E9}.Debug|Any CPU.ActiveCfg = Debug|Any CPU
		{01F55423-23A1-D10D-0C25-F65162CB68E9}.Debug|Any CPU.Build.0 = Debug|Any CPU
		{01F55423-23A1-D10D-0C25-F65162CB68E9}.Release|Any CPU.ActiveCfg = Release|Any CPU
		{01F55423-23A1-D10D-0C25-F65162CB68E9}.Release|Any CPU.Build.0 = Release|Any CPU
		{83BF4E6B-6A05-2E07-2F25-C3A5875020DB}.Debug|Any CPU.ActiveCfg = Debug|Any CPU
		{83BF4E6B-6A05-2E07-2F25-C3A5875020DB}.Debug|Any CPU.Build.0 = Debug|Any CPU
		{83BF4E6B-6A05-2E07-2F25-C3A5875020DB}.Release|Any CPU.ActiveCfg = Release|Any CPU
		{83BF4E6B-6A05-2E07-2F25-C3A5875020DB}.Release|Any CPU.Build.0 = Release|Any CPU
		{D9B9F46B-E67D-7D0C-9761-BABD023F9015}.Debug|Any CPU.ActiveCfg = Debug|Any CPU
		{D9B9F46B-E67D-7D0C-9761-BABD023F9015}.Debug|Any CPU.Build.0 = Debug|Any CPU
		{D9B9F46B-E67D-7D0C-9761-BABD023F9015}.Release|Any CPU.ActiveCfg = Release|Any CPU
		{D9B9F46B-E67D-7D0C-9761-BABD023F9015}.Release|Any CPU.Build.0 = Release|Any CPU
	EndGlobalSection
	GlobalSection(SolutionProperties) = preSolution
		HideSolutionNode = FALSE
	EndGlobalSection
	GlobalSection(ExtensibilityGlobals) = postSolution
		SolutionGuid = {DC0DB7BD-2E28-4C42-AF7B-73CEB1A33D79}
	EndGlobalSection
EndGlobal
